
Microsoft Visual Studio Solution File, Format Version 12.00
# Visual Studio Version 17
VisualStudioVersion = 17.13.35931.197 d17.13
MinimumVisualStudioVersion = 10.0.40219.1
Project("{FAE04EC0-301F-11D3-BF4B-00C04F79EFBC}") = "TrackApp", "TrackApp.csproj", "{EF7A2F4B-AD5F-4AE9-8FD0-A648639F4C25}"
EndProject
Global
	GlobalSection(SolutionConfigurationPlatforms) = preSolution
		Debug|Any CPU = Debug|Any CPU
		Release|Any CPU = Release|Any CPU
	EndGlobalSection
	GlobalSection(ProjectConfigurationPlatforms) = postSolution
		{EF7A2F4B-AD5F-4AE9-8FD0-A648639F4C25}.Debug|Any CPU.ActiveCfg = Debug|Any CPU
		{EF7A2F4B-AD5F-4AE9-8FD0-A648639F4C25}.Debug|Any CPU.Build.0 = Debug|Any CPU
		{EF7A2F4B-AD5F-4AE9-8FD0-A648639F4C25}.Release|Any CPU.ActiveCfg = Release|Any CPU
		{EF7A2F4B-AD5F-4AE9-8FD0-A648639F4C25}.Release|Any CPU.Build.0 = Release|Any CPU
	EndGlobalSection
	GlobalSection(SolutionProperties) = preSolution
		HideSolutionNode = FALSE
	EndGlobalSection
	GlobalSection(ExtensibilityGlobals) = postSolution
		SolutionGuid = {6CD544C0-5B04-4B4C-8C06-21BA660BE42E}
	EndGlobalSection
EndGlobal
