
Microsoft Visual Studio Solution File, Format Version 12.00
# Visual Studio Version 17
VisualStudioVersion = 17.13.35931.197 d17.13
MinimumVisualStudioVersion = 10.0.40219.1
Project("{FAE04EC0-301F-11D3-BF4B-00C04F79EFBC}") = "SendOrderApp", "SendOrderApp.csproj", "{F39C588E-B608-A2A9-2F2F-F49F5C3A5183}"
EndProject
Global
	GlobalSection(SolutionConfigurationPlatforms) = preSolution
		Debug|Any CPU = Debug|Any CPU
		Release|Any CPU = Release|Any CPU
	EndGlobalSection
	GlobalSection(ProjectConfigurationPlatforms) = postSolution
		{F39C588E-B608-A2A9-2F2F-F49F5C3A5183}.Debug|Any CPU.ActiveCfg = Debug|Any CPU
		{F39C588E-B608-A2A9-2F2F-F49F5C3A5183}.Debug|Any CPU.Build.0 = Debug|Any CPU
		{F39C588E-B608-A2A9-2F2F-F49F5C3A5183}.Release|Any CPU.ActiveCfg = Release|Any CPU
		{F39C588E-B608-A2A9-2F2F-F49F5C3A5183}.Release|Any CPU.Build.0 = Release|Any CPU
	EndGlobalSection
	GlobalSection(SolutionProperties) = preSolution
		HideSolutionNode = FALSE
	EndGlobalSection
	GlobalSection(ExtensibilityGlobals) = postSolution
		SolutionGuid = {EA17427F-E613-4543-9F1B-4673FBA0BF68}
	EndGlobalSection
EndGlobal
